
Microsoft Visual Studio Solution File, Format Version 12.00
# Visual Studio Version 16
VisualStudioVersion = 16.0.30717.126
MinimumVisualStudioVersion = 10.0.40219.1
Project("{8BC9CEB8-8B4A-11D0-8D11-00A0C91BC942}") = "project", "project.vcxproj", "{602E7F13-934D-3077-8299-EDF436B1CB67}"
EndProject
Global
	GlobalSection(SolutionConfigurationPlatforms) = preSolution
		Debug|x64 = Debug|x64
		Release|x64 = Release|x64
	EndGlobalSection
	GlobalSection(ProjectConfigurationPlatforms) = postSolution
		{602E7F13-934D-3077-8299-EDF436B1CB67}.Debug|x64.ActiveCfg = Debug|x64
		{602E7F13-934D-3077-8299-EDF436B1CB67}.Debug|x64.Build.0 = Debug|x64
		{602E7F13-934D-3077-8299-EDF436B1CB67}.Release|x64.ActiveCfg = Release|x64
		{602E7F13-934D-3077-8299-EDF436B1CB67}.Release|x64.Build.0 = Release|x64
	EndGlobalSection
	GlobalSection(SolutionProperties) = preSolution
		HideSolutionNode = FALSE
	EndGlobalSection
	GlobalSection(ExtensibilityGlobals) = postSolution
		SolutionGuid = {7678A00B-92CB-4CBB-A50C-761AF9DCCA3C}
	EndGlobalSection
EndGlobal
